
Microsoft Visual Studio Solution File, Format Version 12.00
# Visual Studio Version 17
VisualStudioVersion = 17.5.002.0
MinimumVisualStudioVersion = 10.0.40219.1
Project("{9A19103F-16F7-4668-BE54-9A1E7A4F7556}") = "art_gallery", "art_gallery.csproj", "{CB190BEB-39E3-41C7-992F-D6A2D2D68A0E}"
EndProject
Global
	GlobalSection(SolutionConfigurationPlatforms) = preSolution
		Debug|Any CPU = Debug|Any CPU
		Release|Any CPU = Release|Any CPU
	EndGlobalSection
	GlobalSection(ProjectConfigurationPlatforms) = postSolution
		{CB190BEB-39E3-41C7-992F-D6A2D2D68A0E}.Debug|Any CPU.ActiveCfg = Debug|Any CPU
		{CB190BEB-39E3-41C7-992F-D6A2D2D68A0E}.Debug|Any CPU.Build.0 = Debug|Any CPU
		{CB190BEB-39E3-41C7-992F-D6A2D2D68A0E}.Release|Any CPU.ActiveCfg = Release|Any CPU
		{CB190BEB-39E3-41C7-992F-D6A2D2D68A0E}.Release|Any CPU.Build.0 = Release|Any CPU
	EndGlobalSection
	GlobalSection(SolutionProperties) = preSolution
		HideSolutionNode = FALSE
	EndGlobalSection
	GlobalSection(ExtensibilityGlobals) = postSolution
		SolutionGuid = {9C175DFA-8E60-4469-9223-5E57366B27C7}
	EndGlobalSection
EndGlobal
